
Microsoft Visual Studio Solution File, Format Version 12.00
# Visual Studio Version 17
VisualStudioVersion = 17.8.34601.278
MinimumVisualStudioVersion = 10.0.40219.1
Project("{FAE04EC0-301F-11D3-BF4B-00C04F79EFBC}") = "TDDCursusLibrary", "TDDCursusLibrary\TDDCursusLibrary.csproj", "{FEDEBE1F-8AA2-4B5B-A705-D6AC638C3362}"
EndProject
Project("{FAE04EC0-301F-11D3-BF4B-00C04F79EFBC}") = "TDDCursusLibraryTest", "TDDCursusLibraryTest\TDDCursusLibraryTest.csproj", "{A13C2606-3C8D-4B38-82D4-507EDCC988E5}"
EndProject
Global
	GlobalSection(SolutionConfigurationPlatforms) = preSolution
		Debug|Any CPU = Debug|Any CPU
		Release|Any CPU = Release|Any CPU
	EndGlobalSection
	GlobalSection(ProjectConfigurationPlatforms) = postSolution
		{FEDEBE1F-8AA2-4B5B-A705-D6AC638C3362}.Debug|Any CPU.ActiveCfg = Debug|Any CPU
		{FEDEBE1F-8AA2-4B5B-A705-D6AC638C3362}.Debug|Any CPU.Build.0 = Debug|Any CPU
		{FEDEBE1F-8AA2-4B5B-A705-D6AC638C3362}.Release|Any CPU.ActiveCfg = Release|Any CPU
		{FEDEBE1F-8AA2-4B5B-A705-D6AC638C3362}.Release|Any CPU.Build.0 = Release|Any CPU
		{A13C2606-3C8D-4B38-82D4-507EDCC988E5}.Debug|Any CPU.ActiveCfg = Debug|Any CPU
		{A13C2606-3C8D-4B38-82D4-507EDCC988E5}.Debug|Any CPU.Build.0 = Debug|Any CPU
		{A13C2606-3C8D-4B38-82D4-507EDCC988E5}.Release|Any CPU.ActiveCfg = Release|Any CPU
		{A13C2606-3C8D-4B38-82D4-507EDCC988E5}.Release|Any CPU.Build.0 = Release|Any CPU
	EndGlobalSection
	GlobalSection(SolutionProperties) = preSolution
		HideSolutionNode = FALSE
	EndGlobalSection
	GlobalSection(ExtensibilityGlobals) = postSolution
		SolutionGuid = {0CBB5034-3D02-4046-9500-DFADD8CB2D32}
	EndGlobalSection
EndGlobal
